
Microsoft Visual Studio Solution File, Format Version 12.00
# Visual Studio Version 16
VisualStudioVersion = 16.0.30413.136
MinimumVisualStudioVersion = 10.0.40219.1
Project("{9A19103F-16F7-4668-BE54-9A1E7A4F7556}") = "AirplaneParkingAsistant.API", "AirplaneParkingAsistant.API\AirplaneParkingAsistant.API.csproj", "{1104AB48-43EC-469E-B6BC-E8D8BC28284C}"
EndProject
Project("{2150E333-8FDC-42A3-9474-1A3956D46DE8}") = "Tests", "Tests", "{AB56F565-22A3-409C-8142-0CA46C7BF279}"
EndProject
Project("{FAE04EC0-301F-11D3-BF4B-00C04F79EFBC}") = "AirplaneParkingAssistant.API.Tests", "AirplaneParkingAssistant.API.Tests\AirplaneParkingAssistant.API.Tests.csproj", "{2DB3378F-44A7-4F36-BFDA-B7F798422BD6}"
EndProject
Global
	GlobalSection(SolutionConfigurationPlatforms) = preSolution
		Debug|Any CPU = Debug|Any CPU
		Release|Any CPU = Release|Any CPU
	EndGlobalSection
	GlobalSection(ProjectConfigurationPlatforms) = postSolution
		{1104AB48-43EC-469E-B6BC-E8D8BC28284C}.Debug|Any CPU.ActiveCfg = Debug|Any CPU
		{1104AB48-43EC-469E-B6BC-E8D8BC28284C}.Debug|Any CPU.Build.0 = Debug|Any CPU
		{1104AB48-43EC-469E-B6BC-E8D8BC28284C}.Release|Any CPU.ActiveCfg = Release|Any CPU
		{1104AB48-43EC-469E-B6BC-E8D8BC28284C}.Release|Any CPU.Build.0 = Release|Any CPU
		{2DB3378F-44A7-4F36-BFDA-B7F798422BD6}.Debug|Any CPU.ActiveCfg = Debug|Any CPU
		{2DB3378F-44A7-4F36-BFDA-B7F798422BD6}.Debug|Any CPU.Build.0 = Debug|Any CPU
		{2DB3378F-44A7-4F36-BFDA-B7F798422BD6}.Release|Any CPU.ActiveCfg = Release|Any CPU
		{2DB3378F-44A7-4F36-BFDA-B7F798422BD6}.Release|Any CPU.Build.0 = Release|Any CPU
	EndGlobalSection
	GlobalSection(SolutionProperties) = preSolution
		HideSolutionNode = FALSE
	EndGlobalSection
	GlobalSection(NestedProjects) = preSolution
		{2DB3378F-44A7-4F36-BFDA-B7F798422BD6} = {AB56F565-22A3-409C-8142-0CA46C7BF279}
	EndGlobalSection
	GlobalSection(ExtensibilityGlobals) = postSolution
		SolutionGuid = {110C50A7-9D64-4A2F-973D-38598F0CEAEE}
	EndGlobalSection
EndGlobal
